
Microsoft Visual Studio Solution File, Format Version 11.00
# Visual Studio 2010
Project("{8BC9CEB8-8B4A-11D0-8D11-00A0C91BC942}") = "GamEngine", "GamEngine\GamEngine.vcxproj", "{2BA016A9-74F6-4D1B-859C-4660169138C8}"
EndProject
Global
	GlobalSection(SolutionConfigurationPlatforms) = preSolution
		Debug|Win32 = Debug|Win32
		Release|Win32 = Release|Win32
	EndGlobalSection
	GlobalSection(ProjectConfigurationPlatforms) = postSolution
		{2BA016A9-74F6-4D1B-859C-4660169138C8}.Debug|Win32.ActiveCfg = Debug|Win32
		{2BA016A9-74F6-4D1B-859C-4660169138C8}.Debug|Win32.Build.0 = Debug|Win32
		{2BA016A9-74F6-4D1B-859C-4660169138C8}.Release|Win32.ActiveCfg = Release|Win32
		{2BA016A9-74F6-4D1B-859C-4660169138C8}.Release|Win32.Build.0 = Release|Win32
	EndGlobalSection
	GlobalSection(SolutionProperties) = preSolution
		HideSolutionNode = FALSE
	EndGlobalSection
EndGlobal
